
Microsoft Visual Studio Solution File, Format Version 12.00
# Visual Studio Version 16
VisualStudioVersion = 16.0.29613.14
MinimumVisualStudioVersion = 10.0.40219.1
Project("{FAE04EC0-301F-11D3-BF4B-00C04F79EFBC}") = "WebLib", "WebLib\WebLib.csproj", "{5355ACC6-7B91-4997-80AD-03A6F7413279}"
EndProject
Project("{FAE04EC0-301F-11D3-BF4B-00C04F79EFBC}") = "WebLib.DataLayer", "WebLib.DataLayer\WebLib.DataLayer.csproj", "{AEB9C2B4-7BCE-4AD6-A3AB-9585B944B93D}"
EndProject
Global
	GlobalSection(SolutionConfigurationPlatforms) = preSolution
		Debug|Any CPU = Debug|Any CPU
		Release|Any CPU = Release|Any CPU
	EndGlobalSection
	GlobalSection(ProjectConfigurationPlatforms) = postSolution
		{5355ACC6-7B91-4997-80AD-03A6F7413279}.Debug|Any CPU.ActiveCfg = Debug|Any CPU
		{5355ACC6-7B91-4997-80AD-03A6F7413279}.Debug|Any CPU.Build.0 = Debug|Any CPU
		{5355ACC6-7B91-4997-80AD-03A6F7413279}.Release|Any CPU.ActiveCfg = Release|Any CPU
		{5355ACC6-7B91-4997-80AD-03A6F7413279}.Release|Any CPU.Build.0 = Release|Any CPU
		{AEB9C2B4-7BCE-4AD6-A3AB-9585B944B93D}.Debug|Any CPU.ActiveCfg = Debug|Any CPU
		{AEB9C2B4-7BCE-4AD6-A3AB-9585B944B93D}.Debug|Any CPU.Build.0 = Debug|Any CPU
		{AEB9C2B4-7BCE-4AD6-A3AB-9585B944B93D}.Release|Any CPU.ActiveCfg = Release|Any CPU
		{AEB9C2B4-7BCE-4AD6-A3AB-9585B944B93D}.Release|Any CPU.Build.0 = Release|Any CPU
	EndGlobalSection
	GlobalSection(SolutionProperties) = preSolution
		HideSolutionNode = FALSE
	EndGlobalSection
	GlobalSection(ExtensibilityGlobals) = postSolution
		SolutionGuid = {6E3B1393-3546-434A-A514-67BF40A8B72F}
	EndGlobalSection
EndGlobal
